
Microsoft Visual Studio Solution File, Format Version 12.00
# Visual Studio Version 17
VisualStudioVersion = 17.5.002.0
MinimumVisualStudioVersion = 10.0.40219.1
Project("{9A19103F-16F7-4668-BE54-9A1E7A4F7556}") = "RPG-Oliver", "RPG-Oliver.csproj", "{1C6E5F21-695E-4853-974B-60414579CF89}"
EndProject
Global
	GlobalSection(SolutionConfigurationPlatforms) = preSolution
		Debug|Any CPU = Debug|Any CPU
		Release|Any CPU = Release|Any CPU
	EndGlobalSection
	GlobalSection(ProjectConfigurationPlatforms) = postSolution
		{1C6E5F21-695E-4853-974B-60414579CF89}.Debug|Any CPU.ActiveCfg = Debug|Any CPU
		{1C6E5F21-695E-4853-974B-60414579CF89}.Debug|Any CPU.Build.0 = Debug|Any CPU
		{1C6E5F21-695E-4853-974B-60414579CF89}.Release|Any CPU.ActiveCfg = Release|Any CPU
		{1C6E5F21-695E-4853-974B-60414579CF89}.Release|Any CPU.Build.0 = Release|Any CPU
	EndGlobalSection
	GlobalSection(SolutionProperties) = preSolution
		HideSolutionNode = FALSE
	EndGlobalSection
	GlobalSection(ExtensibilityGlobals) = postSolution
		SolutionGuid = {D71821FD-C1FF-4651-8273-0F80DB77CE42}
	EndGlobalSection
EndGlobal
